{
  "name": "kingscup-server",
  "version": "1.0.0",
  "lockfileVersion": 1,
  "requires": true,
  "dependencies": {
    "async-limiter": {
      "version": "1.0.0",
      "resolved": "http://team:8080/tfs/CCA-Projects/_packaging/tis-cca/npm/registry/async-limiter/-/async-limiter-1.0.0.tgz",
      "integrity": "sha512-jp/uFnooOiO+L211eZOoSyzpOITMXx1rBITauYykG3BRYPu8h0UcxsPNB04RR5vo4Tyz3+ay17tR6JVf9qzYWg=="
    },
    "compute-erf": {
      "version": "1.1.0",
      "resolved": "http://team:8080/tfs/CCA-Projects/_packaging/tis-cca/npm/registry/compute-erf/-/compute-erf-1.1.0.tgz",
      "integrity": "sha1-iU+AIX1zHKYaLkqq4OqTyQD0ahE="
    },
    "compute-erfinv": {
      "version": "1.0.1",
      "resolved": "http://team:8080/tfs/CCA-Projects/_packaging/tis-cca/npm/registry/compute-erfinv/-/compute-erfinv-1.0.1.tgz",
      "integrity": "sha1-i7t5KL55dsCCUAA8EfkLokA99Ds=",
      "requires": {
        "compute-polynomial": "^1.0.0"
      }
    },
    "compute-polynomial": {
      "version": "1.1.0",
      "resolved": "http://team:8080/tfs/CCA-Projects/_packaging/tis-cca/npm/registry/compute-polynomial/-/compute-polynomial-1.1.0.tgz",
      "integrity": "sha1-WAeC5spdzzxZuuzH/vP3ojUgJ14=",
      "requires": {
        "validate.io-array": "^1.0.3",
        "validate.io-boolean-primitive": "^1.0.0",
        "validate.io-function": "^1.0.2",
        "validate.io-number-primitive": "^1.0.0",
        "validate.io-number-primitive-array": "^1.0.0",
        "validate.io-object": "^1.0.3"
      }
    },
    "distributions-normal": {
      "version": "2.0.2",
      "resolved": "http://team:8080/tfs/CCA-Projects/_packaging/tis-cca/npm/registry/distributions-normal/-/distributions-normal-2.0.2.tgz",
      "integrity": "sha1-5jXjO7Lz9DivpsH6wns6ScZhe/I=",
      "requires": {
        "compute-erf": "^1.1.0",
        "compute-erfinv": "^1.0.1"
      }
    },
    "fs": {
      "version": "0.0.1-security",
      "resolved": "https://registry.npmjs.org/fs/-/fs-0.0.1-security.tgz",
      "integrity": "sha1-invTcYa23d84E/I4WLV+yq9eQdQ="
    },
    "https": {
      "version": "1.0.0",
      "resolved": "https://registry.npmjs.org/https/-/https-1.0.0.tgz",
      "integrity": "sha1-PDfHrhqO65ZpBKKtHpdaGUt+06Q="
    },
    "minimist": {
      "version": "1.2.6",
      "resolved": "https://registry.npmjs.org/minimist/-/minimist-1.2.6.tgz",
      "integrity": "sha512-Jsjnk4bw3YJqYzbdyBiNsPWHPfO++UGG749Cxs6peCu5Xg4nrena6OVxOYxrQTqww0Jmwt+Ref8rggumkTLz9Q=="
    },
    "validate.io-array": {
      "version": "1.0.6",
      "resolved": "http://team:8080/tfs/CCA-Projects/_packaging/tis-cca/npm/registry/validate.io-array/-/validate.io-array-1.0.6.tgz",
      "integrity": "sha1-W1osr9j4uFq7L4hroVPy2Tond00="
    },
    "validate.io-boolean-primitive": {
      "version": "1.0.0",
      "resolved": "http://team:8080/tfs/CCA-Projects/_packaging/tis-cca/npm/registry/validate.io-boolean-primitive/-/validate.io-boolean-primitive-1.0.0.tgz",
      "integrity": "sha1-uxTJy4aDw8nz0TKalad2jj7inrU="
    },
    "validate.io-function": {
      "version": "1.0.2",
      "resolved": "http://team:8080/tfs/CCA-Projects/_packaging/tis-cca/npm/registry/validate.io-function/-/validate.io-function-1.0.2.tgz",
      "integrity": "sha1-NDoZgC7TsZaCaceA5VjpNBHAutc="
    },
    "validate.io-number-primitive": {
      "version": "1.0.0",
      "resolved": "http://team:8080/tfs/CCA-Projects/_packaging/tis-cca/npm/registry/validate.io-number-primitive/-/validate.io-number-primitive-1.0.0.tgz",
      "integrity": "sha1-0uAfICmJNp3PEVVElWQgOv5YTlU="
    },
    "validate.io-number-primitive-array": {
      "version": "1.0.0",
      "resolved": "http://team:8080/tfs/CCA-Projects/_packaging/tis-cca/npm/registry/validate.io-number-primitive-array/-/validate.io-number-primitive-array-1.0.0.tgz",
      "integrity": "sha1-cGRECMWU1C8fu9ZaxrIxYx6GmVQ=",
      "requires": {
        "validate.io-array": "^1.0.3"
      }
    },
    "validate.io-object": {
      "version": "1.0.4",
      "resolved": "http://team:8080/tfs/CCA-Projects/_packaging/tis-cca/npm/registry/validate.io-object/-/validate.io-object-1.0.4.tgz",
      "integrity": "sha1-3KAezu45DhENvCr4Q8gfe/M6Qas=",
      "requires": {
        "validate.io-array": "^1.0.1"
      }
    },
    "ws": {
      "version": "7.1.0",
      "resolved": "http://team:8080/tfs/CCA-Projects/_packaging/tis-cca/npm/registry/ws/-/ws-7.1.0.tgz",
      "integrity": "sha512-Swie2C4fs7CkwlHu1glMePLYJJsWjzhl1vm3ZaLplD0h7OMkZyZ6kLTB/OagiU923bZrPFXuDTeEqaEN4NWG4g==",
      "requires": {
        "async-limiter": "^1.0.0"
      }
    }
  }
}
